#
# This file is autogenerated by pip-compile with Python 3.13
# by the following command:
#
#    pip-compile --extra=dev --extra=test --output-file=requirements-dev.lock pyproject.toml
#
ast-serialize==0.9.0
    # via mypy
iniconfig==2.3.0
    # via pytest
librt==0.15.0
    # via mypy
mypy==2.3.1
    # via evalforge (pyproject.toml)
mypy-extensions==1.1.0
    # via mypy
numpy==2.5.2
    # via evalforge (pyproject.toml)
packaging==26.3
    # via pytest
pathspec==1.1.1
    # via mypy
pluggy==1.6.0
    # via pytest
pygments==2.21.0
    # via pytest
pytest==9.1.1
    # via evalforge (pyproject.toml)
ruff==0.16.6
    # via evalforge (pyproject.toml)
typing-extensions==4.16.0
    # via mypy
